{
  "name": "webadb",
  "version": "1.0.0",
  "lockfileVersion": 2,
  "requires": true,
  "packages": {
    "": {
      "name": "webadb",
      "version": "1.0.0",
      "license": "MIT",
      "dependencies": {
        "webadb": "^1.0.1"
      }
    },
    "node_modules/webadb": {
      "version": "1.0.1",
      "resolved": "https://registry.npmjs.org/webadb/-/webadb-1.0.1.tgz",
      "integrity": "sha512-v97amS+LtmCQWlWoy906RkTTqEMTB3XgmXRpH1oilduC6mtgTJwgS8A8c1AZGMIwI9dYmCnKFPNcv9w1DZCgyA=="
    }
  },
  "dependencies": {
    "webadb": {
      "version": "1.0.1",
      "resolved": "https://registry.npmjs.org/webadb/-/webadb-1.0.1.tgz",
      "integrity": "sha512-v97amS+LtmCQWlWoy906RkTTqEMTB3XgmXRpH1oilduC6mtgTJwgS8A8c1AZGMIwI9dYmCnKFPNcv9w1DZCgyA=="
    }
  }
}
